
Microsoft Visual Studio Solution File, Format Version 12.00
# Visual Studio 15
VisualStudioVersion = 15.0.27130.2024
MinimumVisualStudioVersion = 10.0.40219.1
Project("{FAE04EC0-301F-11D3-BF4B-00C04F79EFBC}") = "LVAdaptive.Android", "LVAdaptive\LVAdaptive.Android\LVAdaptive.Android.csproj", "{C66D6D98-4885-4AB0-856C-6199BE8DEE59}"
EndProject
Project("{FAE04EC0-301F-11D3-BF4B-00C04F79EFBC}") = "LVAdaptive.iOS", "LVAdaptive\LVAdaptive.iOS\LVAdaptive.iOS.csproj", "{0B1D104C-7152-4C98-961E-776D92145A0C}"
EndProject
Project("{FAE04EC0-301F-11D3-BF4B-00C04F79EFBC}") = "LVAdaptive.UWP", "LVAdaptive\LVAdaptive.UWP\LVAdaptive.UWP.csproj", "{0EA98134-9DED-4D08-B77C-C9523FA0ED5F}"
EndProject
Project("{FAE04EC0-301F-11D3-BF4B-00C04F79EFBC}") = "LVAdaptive", "LVAdaptive\LVAdaptive\LVAdaptive.csproj", "{17407D96-A89F-4A13-8231-9E455E8A3278}"
EndProject
Global
	GlobalSection(SolutionConfigurationPlatforms) = preSolution
		Ad-Hoc|Any CPU = Ad-Hoc|Any CPU
		Ad-Hoc|ARM = Ad-Hoc|ARM
		Ad-Hoc|iPhone = Ad-Hoc|iPhone
		Ad-Hoc|iPhoneSimulator = Ad-Hoc|iPhoneSimulator
		Ad-Hoc|x64 = Ad-Hoc|x64
		Ad-Hoc|x86 = Ad-Hoc|x86
		AppStore|Any CPU = AppStore|Any CPU
		AppStore|ARM = AppStore|ARM
		AppStore|iPhone = AppStore|iPhone
		AppStore|iPhoneSimulator = AppStore|iPhoneSimulator
		AppStore|x64 = AppStore|x64
		AppStore|x86 = AppStore|x86
		Debug|Any CPU = Debug|Any CPU
		Debug|ARM = Debug|ARM
		Debug|iPhone = Debug|iPhone
		Debug|iPhoneSimulator = Debug|iPhoneSimulator
		Debug|x64 = Debug|x64
		Debug|x86 = Debug|x86
		Release|Any CPU = Release|Any CPU
		Release|ARM = Release|ARM
		Release|iPhone = Release|iPhone
		Release|iPhoneSimulator = Release|iPhoneSimulator
		Release|x64 = Release|x64
		Release|x86 = Release|x86
	EndGlobalSection
	GlobalSection(ProjectConfigurationPlatforms) = postSolution
		{C66D6D98-4885-4AB0-856C-6199BE8DEE59}.Ad-Hoc|Any CPU.ActiveCfg = Release|Any CPU
		{C66D6D98-4885-4AB0-856C-6199BE8DEE59}.Ad-Hoc|Any CPU.Build.0 = Release|Any CPU
		{C66D6D98-4885-4AB0-856C-6199BE8DEE59}.Ad-Hoc|Any CPU.Deploy.0 = Release|Any CPU
		{C66D6D98-4885-4AB0-856C-6199BE8DEE59}.Ad-Hoc|ARM.ActiveCfg = Release|Any CPU
		{C66D6D98-4885-4AB0-856C-6199BE8DEE59}.Ad-Hoc|ARM.Build.0 = Release|Any CPU
		{C66D6D98-4885-4AB0-856C-6199BE8DEE59}.Ad-Hoc|ARM.Deploy.0 = Release|Any CPU
		{C66D6D98-4885-4AB0-856C-6199BE8DEE59}.Ad-Hoc|iPhone.ActiveCfg = Release|Any CPU
		{C66D6D98-4885-4AB0-856C-6199BE8DEE59}.Ad-Hoc|iPhone.Build.0 = Release|Any CPU
		{C66D6D98-4885-4AB0-856C-6199BE8DEE59}.Ad-Hoc|iPhone.Deploy.0 = Release|Any CPU
		{C66D6D98-4885-4AB0-856C-6199BE8DEE59}.Ad-Hoc|iPhoneSimulator.ActiveCfg = Release|Any CPU
		{C66D6D98-4885-4AB0-856C-6199BE8DEE59}.Ad-Hoc|iPhoneSimulator.Build.0 = Release|Any CPU
		{C66D6D98-4885-4AB0-856C-6199BE8DEE59}.Ad-Hoc|iPhoneSimulator.Deploy.0 = Release|Any CPU
		{C66D6D98-4885-4AB0-856C-6199BE8DEE59}.Ad-Hoc|x64.ActiveCfg = Release|Any CPU
		{C66D6D98-4885-4AB0-856C-6199BE8DEE59}.Ad-Hoc|x64.Build.0 = Release|Any CPU
		{C66D6D98-4885-4AB0-856C-6199BE8DEE59}.Ad-Hoc|x64.Deploy.0 = Release|Any CPU
		{C66D6D98-4885-4AB0-856C-6199BE8DEE59}.Ad-Hoc|x86.ActiveCfg = Release|Any CPU
		{C66D6D98-4885-4AB0-856C-6199BE8DEE59}.Ad-Hoc|x86.Build.0 = Release|Any CPU
		{C66D6D98-4885-4AB0-856C-6199BE8DEE59}.Ad-Hoc|x86.Deploy.0 = Release|Any CPU
		{C66D6D98-4885-4AB0-856C-6199BE8DEE59}.AppStore|Any CPU.ActiveCfg = Release|Any CPU
		{C66D6D98-4885-4AB0-856C-6199BE8DEE59}.AppStore|Any CPU.Build.0 = Release|Any CPU
		{C66D6D98-4885-4AB0-856C-6199BE8DEE59}.AppStore|Any CPU.Deploy.0 = Release|Any CPU
		{C66D6D98-4885-4AB0-856C-6199BE8DEE59}.AppStore|ARM.ActiveCfg = Release|Any CPU
		{C66D6D98-4885-4AB0-856C-6199BE8DEE59}.AppStore|ARM.Build.0 = Release|Any CPU
		{C66D6D98-4885-4AB0-856C-6199BE8DEE59}.AppStore|ARM.Deploy.0 = Release|Any CPU
		{C66D6D98-4885-4AB0-856C-6199BE8DEE59}.AppStore|iPhone.ActiveCfg = Release|Any CPU
		{C66D6D98-4885-4AB0-856C-6199BE8DEE59}.AppStore|iPhone.Build.0 = Release|Any CPU
		{C66D6D98-4885-4AB0-856C-6199BE8DEE59}.AppStore|iPhone.Deploy.0 = Release|Any CPU
		{C66D6D98-4885-4AB0-856C-6199BE8DEE59}.AppStore|iPhoneSimulator.ActiveCfg = Release|Any CPU
		{C66D6D98-4885-4AB0-856C-6199BE8DEE59}.AppStore|iPhoneSimulator.Build.0 = Release|Any CPU
		{C66D6D98-4885-4AB0-856C-6199BE8DEE59}.AppStore|iPhoneSimulator.Deploy.0 = Release|Any CPU
		{C66D6D98-4885-4AB0-856C-6199BE8DEE59}.AppStore|x64.ActiveCfg = Release|Any CPU
		{C66D6D98-4885-4AB0-856C-6199BE8DEE59}.AppStore|x64.Build.0 = Release|Any CPU
		{C66D6D98-4885-4AB0-856C-6199BE8DEE59}.AppStore|x64.Deploy.0 = Release|Any CPU
		{C66D6D98-4885-4AB0-856C-6199BE8DEE59}.AppStore|x86.ActiveCfg = Release|Any CPU
		{C66D6D98-4885-4AB0-856C-6199BE8DEE59}.AppStore|x86.Build.0 = Release|Any CPU
		{C66D6D98-4885-4AB0-856C-6199BE8DEE59}.AppStore|x86.Deploy.0 = Release|Any CPU
		{C66D6D98-4885-4AB0-856C-6199BE8DEE59}.Debug|Any CPU.ActiveCfg = Debug|Any CPU
		{C66D6D98-4885-4AB0-856C-6199BE8DEE59}.Debug|Any CPU.Build.0 = Debug|Any CPU
		{C66D6D98-4885-4AB0-856C-6199BE8DEE59}.Debug|Any CPU.Deploy.0 = Debug|Any CPU
		{C66D6D98-4885-4AB0-856C-6199BE8DEE59}.Debug|ARM.ActiveCfg = Debug|Any CPU
		{C66D6D98-4885-4AB0-856C-6199BE8DEE59}.Debug|ARM.Build.0 = Debug|Any CPU
		{C66D6D98-4885-4AB0-856C-6199BE8DEE59}.Debug|ARM.Deploy.0 = Debug|Any CPU
		{C66D6D98-4885-4AB0-856C-6199BE8DEE59}.Debug|iPhone.ActiveCfg = Debug|Any CPU
		{C66D6D98-4885-4AB0-856C-6199BE8DEE59}.Debug|iPhone.Build.0 = Debug|Any CPU
		{C66D6D98-4885-4AB0-856C-6199BE8DEE59}.Debug|iPhone.Deploy.0 = Debug|Any CPU
		{C66D6D98-4885-4AB0-856C-6199BE8DEE59}.Debug|iPhoneSimulator.ActiveCfg = Debug|Any CPU
		{C66D6D98-4885-4AB0-856C-6199BE8DEE59}.Debug|iPhoneSimulator.Build.0 = Debug|Any CPU
		{C66D6D98-4885-4AB0-856C-6199BE8DEE59}.Debug|iPhoneSimulator.Deploy.0 = Debug|Any CPU
		{C66D6D98-4885-4AB0-856C-6199BE8DEE59}.Debug|x64.ActiveCfg = Debug|Any CPU
		{C66D6D98-4885-4AB0-856C-6199BE8DEE59}.Debug|x64.Build.0 = Debug|Any CPU
		{C66D6D98-4885-4AB0-856C-6199BE8DEE59}.Debug|x64.Deploy.0 = Debug|Any CPU
		{C66D6D98-4885-4AB0-856C-6199BE8DEE59}.Debug|x86.ActiveCfg = Debug|Any CPU
		{C66D6D98-4885-4AB0-856C-6199BE8DEE59}.Debug|x86.Build.0 = Debug|Any CPU
		{C66D6D98-4885-4AB0-856C-6199BE8DEE59}.Debug|x86.Deploy.0 = Debug|Any CPU
		{C66D6D98-4885-4AB0-856C-6199BE8DEE59}.Release|Any CPU.ActiveCfg = Release|Any CPU
		{C66D6D98-4885-4AB0-856C-6199BE8DEE59}.Release|Any CPU.Build.0 = Release|Any CPU
		{C66D6D98-4885-4AB0-856C-6199BE8DEE59}.Release|Any CPU.Deploy.0 = Release|Any CPU
		{C66D6D98-4885-4AB0-856C-6199BE8DEE59}.Release|ARM.ActiveCfg = Release|Any CPU
		{C66D6D98-4885-4AB0-856C-6199BE8DEE59}.Release|ARM.Build.0 = Release|Any CPU
		{C66D6D98-4885-4AB0-856C-6199BE8DEE59}.Release|ARM.Deploy.0 = Release|Any CPU
		{C66D6D98-4885-4AB0-856C-6199BE8DEE59}.Release|iPhone.ActiveCfg = Release|Any CPU
		{C66D6D98-4885-4AB0-856C-6199BE8DEE59}.Release|iPhone.Build.0 = Release|Any CPU
		{C66D6D98-4885-4AB0-856C-6199BE8DEE59}.Release|iPhone.Deploy.0 = Release|Any CPU
		{C66D6D98-4885-4AB0-856C-6199BE8DEE59}.Release|iPhoneSimulator.ActiveCfg = Release|Any CPU
		{C66D6D98-4885-4AB0-856C-6199BE8DEE59}.Release|iPhoneSimulator.Build.0 = Release|Any CPU
		{C66D6D98-4885-4AB0-856C-6199BE8DEE59}.Release|iPhoneSimulator.Deploy.0 = Release|Any CPU
		{C66D6D98-4885-4AB0-856C-6199BE8DEE59}.Release|x64.ActiveCfg = Release|Any CPU
		{C66D6D98-4885-4AB0-856C-6199BE8DEE59}.Release|x64.Build.0 = Release|Any CPU
		{C66D6D98-4885-4AB0-856C-6199BE8DEE59}.Release|x64.Deploy.0 = Release|Any CPU
		{C66D6D98-4885-4AB0-856C-6199BE8DEE59}.Release|x86.ActiveCfg = Release|Any CPU
		{C66D6D98-4885-4AB0-856C-6199BE8DEE59}.Release|x86.Build.0 = Release|Any CPU
		{C66D6D98-4885-4AB0-856C-6199BE8DEE59}.Release|x86.Deploy.0 = Release|Any CPU
		{0B1D104C-7152-4C98-961E-776D92145A0C}.Ad-Hoc|Any CPU.ActiveCfg = Ad-Hoc|iPhone
		{0B1D104C-7152-4C98-961E-776D92145A0C}.Ad-Hoc|ARM.ActiveCfg = Ad-Hoc|iPhone
		{0B1D104C-7152-4C98-961E-776D92145A0C}.Ad-Hoc|iPhone.ActiveCfg = Ad-Hoc|iPhone
		{0B1D104C-7152-4C98-961E-776D92145A0C}.Ad-Hoc|iPhone.Build.0 = Ad-Hoc|iPhone
		{0B1D104C-7152-4C98-961E-776D92145A0C}.Ad-Hoc|iPhoneSimulator.ActiveCfg = Ad-Hoc|iPhoneSimulator
		{0B1D104C-7152-4C98-961E-776D92145A0C}.Ad-Hoc|iPhoneSimulator.Build.0 = Ad-Hoc|iPhoneSimulator
		{0B1D104C-7152-4C98-961E-776D92145A0C}.Ad-Hoc|x64.ActiveCfg = Ad-Hoc|iPhone
		{0B1D104C-7152-4C98-961E-776D92145A0C}.Ad-Hoc|x86.ActiveCfg = Ad-Hoc|iPhone
		{0B1D104C-7152-4C98-961E-776D92145A0C}.AppStore|Any CPU.ActiveCfg = AppStore|iPhone
		{0B1D104C-7152-4C98-961E-776D92145A0C}.AppStore|ARM.ActiveCfg = AppStore|iPhone
		{0B1D104C-7152-4C98-961E-776D92145A0C}.AppStore|iPhone.ActiveCfg = AppStore|iPhone
		{0B1D104C-7152-4C98-961E-776D92145A0C}.AppStore|iPhone.Build.0 = AppStore|iPhone
		{0B1D104C-7152-4C98-961E-776D92145A0C}.AppStore|iPhoneSimulator.ActiveCfg = AppStore|iPhoneSimulator
		{0B1D104C-7152-4C98-961E-776D92145A0C}.AppStore|iPhoneSimulator.Build.0 = AppStore|iPhoneSimulator
		{0B1D104C-7152-4C98-961E-776D92145A0C}.AppStore|x64.ActiveCfg = AppStore|iPhone
		{0B1D104C-7152-4C98-961E-776D92145A0C}.AppStore|x86.ActiveCfg = AppStore|iPhone
		{0B1D104C-7152-4C98-961E-776D92145A0C}.Debug|Any CPU.ActiveCfg = Debug|iPhone
		{0B1D104C-7152-4C98-961E-776D92145A0C}.Debug|ARM.ActiveCfg = Debug|iPhone
		{0B1D104C-7152-4C98-961E-776D92145A0C}.Debug|iPhone.ActiveCfg = Debug|iPhone
		{0B1D104C-7152-4C98-961E-776D92145A0C}.Debug|iPhone.Build.0 = Debug|iPhone
		{0B1D104C-7152-4C98-961E-776D92145A0C}.Debug|iPhoneSimulator.ActiveCfg = Debug|iPhoneSimulator
		{0B1D104C-7152-4C98-961E-776D92145A0C}.Debug|iPhoneSimulator.Build.0 = Debug|iPhoneSimulator
		{0B1D104C-7152-4C98-961E-776D92145A0C}.Debug|x64.ActiveCfg = Debug|iPhone
		{0B1D104C-7152-4C98-961E-776D92145A0C}.Debug|x86.ActiveCfg = Debug|iPhone
		{0B1D104C-7152-4C98-961E-776D92145A0C}.Release|Any CPU.ActiveCfg = Release|iPhone
		{0B1D104C-7152-4C98-961E-776D92145A0C}.Release|ARM.ActiveCfg = Release|iPhone
		{0B1D104C-7152-4C98-961E-776D92145A0C}.Release|iPhone.ActiveCfg = Release|iPhone
		{0B1D104C-7152-4C98-961E-776D92145A0C}.Release|iPhone.Build.0 = Release|iPhone
		{0B1D104C-7152-4C98-961E-776D92145A0C}.Release|iPhoneSimulator.ActiveCfg = Release|iPhoneSimulator
		{0B1D104C-7152-4C98-961E-776D92145A0C}.Release|iPhoneSimulator.Build.0 = Release|iPhoneSimulator
		{0B1D104C-7152-4C98-961E-776D92145A0C}.Release|x64.ActiveCfg = Release|iPhone
		{0B1D104C-7152-4C98-961E-776D92145A0C}.Release|x86.ActiveCfg = Release|iPhone
		{0EA98134-9DED-4D08-B77C-C9523FA0ED5F}.Ad-Hoc|Any CPU.ActiveCfg = Release|x86
		{0EA98134-9DED-4D08-B77C-C9523FA0ED5F}.Ad-Hoc|Any CPU.Build.0 = Release|x86
		{0EA98134-9DED-4D08-B77C-C9523FA0ED5F}.Ad-Hoc|Any CPU.Deploy.0 = Release|x86
		{0EA98134-9DED-4D08-B77C-C9523FA0ED5F}.Ad-Hoc|ARM.ActiveCfg = Release|ARM
		{0EA98134-9DED-4D08-B77C-C9523FA0ED5F}.Ad-Hoc|ARM.Build.0 = Release|ARM
		{0EA98134-9DED-4D08-B77C-C9523FA0ED5F}.Ad-Hoc|ARM.Deploy.0 = Release|ARM
		{0EA98134-9DED-4D08-B77C-C9523FA0ED5F}.Ad-Hoc|iPhone.ActiveCfg = Release|x86
		{0EA98134-9DED-4D08-B77C-C9523FA0ED5F}.Ad-Hoc|iPhone.Build.0 = Release|x86
		{0EA98134-9DED-4D08-B77C-C9523FA0ED5F}.Ad-Hoc|iPhone.Deploy.0 = Release|x86
		{0EA98134-9DED-4D08-B77C-C9523FA0ED5F}.Ad-Hoc|iPhoneSimulator.ActiveCfg = Release|x86
		{0EA98134-9DED-4D08-B77C-C9523FA0ED5F}.Ad-Hoc|iPhoneSimulator.Build.0 = Release|x86
		{0EA98134-9DED-4D08-B77C-C9523FA0ED5F}.Ad-Hoc|iPhoneSimulator.Deploy.0 = Release|x86
		{0EA98134-9DED-4D08-B77C-C9523FA0ED5F}.Ad-Hoc|x64.ActiveCfg = Release|x64
		{0EA98134-9DED-4D08-B77C-C9523FA0ED5F}.Ad-Hoc|x64.Build.0 = Release|x64
		{0EA98134-9DED-4D08-B77C-C9523FA0ED5F}.Ad-Hoc|x64.Deploy.0 = Release|x64
		{0EA98134-9DED-4D08-B77C-C9523FA0ED5F}.Ad-Hoc|x86.ActiveCfg = Release|x86
		{0EA98134-9DED-4D08-B77C-C9523FA0ED5F}.Ad-Hoc|x86.Build.0 = Release|x86
		{0EA98134-9DED-4D08-B77C-C9523FA0ED5F}.Ad-Hoc|x86.Deploy.0 = Release|x86
		{0EA98134-9DED-4D08-B77C-C9523FA0ED5F}.AppStore|Any CPU.ActiveCfg = Release|x86
		{0EA98134-9DED-4D08-B77C-C9523FA0ED5F}.AppStore|Any CPU.Build.0 = Release|x86
		{0EA98134-9DED-4D08-B77C-C9523FA0ED5F}.AppStore|Any CPU.Deploy.0 = Release|x86
		{0EA98134-9DED-4D08-B77C-C9523FA0ED5F}.AppStore|ARM.ActiveCfg = Release|ARM
		{0EA98134-9DED-4D08-B77C-C9523FA0ED5F}.AppStore|ARM.Build.0 = Release|ARM
		{0EA98134-9DED-4D08-B77C-C9523FA0ED5F}.AppStore|ARM.Deploy.0 = Release|ARM
		{0EA98134-9DED-4D08-B77C-C9523FA0ED5F}.AppStore|iPhone.ActiveCfg = Release|x86
		{0EA98134-9DED-4D08-B77C-C9523FA0ED5F}.AppStore|iPhone.Build.0 = Release|x86
		{0EA98134-9DED-4D08-B77C-C9523FA0ED5F}.AppStore|iPhone.Deploy.0 = Release|x86
		{0EA98134-9DED-4D08-B77C-C9523FA0ED5F}.AppStore|iPhoneSimulator.ActiveCfg = Release|x86
		{0EA98134-9DED-4D08-B77C-C9523FA0ED5F}.AppStore|iPhoneSimulator.Build.0 = Release|x86
		{0EA98134-9DED-4D08-B77C-C9523FA0ED5F}.AppStore|iPhoneSimulator.Deploy.0 = Release|x86
		{0EA98134-9DED-4D08-B77C-C9523FA0ED5F}.AppStore|x64.ActiveCfg = Release|x64
		{0EA98134-9DED-4D08-B77C-C9523FA0ED5F}.AppStore|x64.Build.0 = Release|x64
		{0EA98134-9DED-4D08-B77C-C9523FA0ED5F}.AppStore|x64.Deploy.0 = Release|x64
		{0EA98134-9DED-4D08-B77C-C9523FA0ED5F}.AppStore|x86.ActiveCfg = Release|x86
		{0EA98134-9DED-4D08-B77C-C9523FA0ED5F}.AppStore|x86.Build.0 = Release|x86
		{0EA98134-9DED-4D08-B77C-C9523FA0ED5F}.AppStore|x86.Deploy.0 = Release|x86
		{0EA98134-9DED-4D08-B77C-C9523FA0ED5F}.Debug|Any CPU.ActiveCfg = Debug|x86
		{0EA98134-9DED-4D08-B77C-C9523FA0ED5F}.Debug|ARM.ActiveCfg = Debug|ARM
		{0EA98134-9DED-4D08-B77C-C9523FA0ED5F}.Debug|ARM.Build.0 = Debug|ARM
		{0EA98134-9DED-4D08-B77C-C9523FA0ED5F}.Debug|ARM.Deploy.0 = Debug|ARM
		{0EA98134-9DED-4D08-B77C-C9523FA0ED5F}.Debug|iPhone.ActiveCfg = Debug|x86
		{0EA98134-9DED-4D08-B77C-C9523FA0ED5F}.Debug|iPhoneSimulator.ActiveCfg = Debug|x86
		{0EA98134-9DED-4D08-B77C-C9523FA0ED5F}.Debug|x64.ActiveCfg = Debug|x64
		{0EA98134-9DED-4D08-B77C-C9523FA0ED5F}.Debug|x64.Build.0 = Debug|x64
		{0EA98134-9DED-4D08-B77C-C9523FA0ED5F}.Debug|x64.Deploy.0 = Debug|x64
		{0EA98134-9DED-4D08-B77C-C9523FA0ED5F}.Debug|x86.ActiveCfg = Debug|x86
		{0EA98134-9DED-4D08-B77C-C9523FA0ED5F}.Debug|x86.Build.0 = Debug|x86
		{0EA98134-9DED-4D08-B77C-C9523FA0ED5F}.Debug|x86.Deploy.0 = Debug|x86
		{0EA98134-9DED-4D08-B77C-C9523FA0ED5F}.Release|Any CPU.ActiveCfg = Release|x86
		{0EA98134-9DED-4D08-B77C-C9523FA0ED5F}.Release|ARM.ActiveCfg = Release|ARM
		{0EA98134-9DED-4D08-B77C-C9523FA0ED5F}.Release|ARM.Build.0 = Release|ARM
		{0EA98134-9DED-4D08-B77C-C9523FA0ED5F}.Release|ARM.Deploy.0 = Release|ARM
		{0EA98134-9DED-4D08-B77C-C9523FA0ED5F}.Release|iPhone.ActiveCfg = Release|x86
		{0EA98134-9DED-4D08-B77C-C9523FA0ED5F}.Release|iPhoneSimulator.ActiveCfg = Release|x86
		{0EA98134-9DED-4D08-B77C-C9523FA0ED5F}.Release|x64.ActiveCfg = Release|x64
		{0EA98134-9DED-4D08-B77C-C9523FA0ED5F}.Release|x64.Build.0 = Release|x64
		{0EA98134-9DED-4D08-B77C-C9523FA0ED5F}.Release|x64.Deploy.0 = Release|x64
		{0EA98134-9DED-4D08-B77C-C9523FA0ED5F}.Release|x86.ActiveCfg = Release|x86
		{0EA98134-9DED-4D08-B77C-C9523FA0ED5F}.Release|x86.Build.0 = Release|x86
		{0EA98134-9DED-4D08-B77C-C9523FA0ED5F}.Release|x86.Deploy.0 = Release|x86
		{17407D96-A89F-4A13-8231-9E455E8A3278}.Ad-Hoc|Any CPU.ActiveCfg = Debug|Any CPU
		{17407D96-A89F-4A13-8231-9E455E8A3278}.Ad-Hoc|Any CPU.Build.0 = Debug|Any CPU
		{17407D96-A89F-4A13-8231-9E455E8A3278}.Ad-Hoc|ARM.ActiveCfg = Debug|Any CPU
		{17407D96-A89F-4A13-8231-9E455E8A3278}.Ad-Hoc|ARM.Build.0 = Debug|Any CPU
		{17407D96-A89F-4A13-8231-9E455E8A3278}.Ad-Hoc|iPhone.ActiveCfg = Debug|Any CPU
		{17407D96-A89F-4A13-8231-9E455E8A3278}.Ad-Hoc|iPhone.Build.0 = Debug|Any CPU
		{17407D96-A89F-4A13-8231-9E455E8A3278}.Ad-Hoc|iPhoneSimulator.ActiveCfg = Debug|Any CPU
		{17407D96-A89F-4A13-8231-9E455E8A3278}.Ad-Hoc|iPhoneSimulator.Build.0 = Debug|Any CPU
		{17407D96-A89F-4A13-8231-9E455E8A3278}.Ad-Hoc|x64.ActiveCfg = Debug|Any CPU
		{17407D96-A89F-4A13-8231-9E455E8A3278}.Ad-Hoc|x64.Build.0 = Debug|Any CPU
		{17407D96-A89F-4A13-8231-9E455E8A3278}.Ad-Hoc|x86.ActiveCfg = Debug|Any CPU
		{17407D96-A89F-4A13-8231-9E455E8A3278}.Ad-Hoc|x86.Build.0 = Debug|Any CPU
		{17407D96-A89F-4A13-8231-9E455E8A3278}.AppStore|Any CPU.ActiveCfg = Debug|Any CPU
		{17407D96-A89F-4A13-8231-9E455E8A3278}.AppStore|Any CPU.Build.0 = Debug|Any CPU
		{17407D96-A89F-4A13-8231-9E455E8A3278}.AppStore|ARM.ActiveCfg = Debug|Any CPU
		{17407D96-A89F-4A13-8231-9E455E8A3278}.AppStore|ARM.Build.0 = Debug|Any CPU
		{17407D96-A89F-4A13-8231-9E455E8A3278}.AppStore|iPhone.ActiveCfg = Debug|Any CPU
		{17407D96-A89F-4A13-8231-9E455E8A3278}.AppStore|iPhone.Build.0 = Debug|Any CPU
		{17407D96-A89F-4A13-8231-9E455E8A3278}.AppStore|iPhoneSimulator.ActiveCfg = Debug|Any CPU
		{17407D96-A89F-4A13-8231-9E455E8A3278}.AppStore|iPhoneSimulator.Build.0 = Debug|Any CPU
		{17407D96-A89F-4A13-8231-9E455E8A3278}.AppStore|x64.ActiveCfg = Debug|Any CPU
		{17407D96-A89F-4A13-8231-9E455E8A3278}.AppStore|x64.Build.0 = Debug|Any CPU
		{17407D96-A89F-4A13-8231-9E455E8A3278}.AppStore|x86.ActiveCfg = Debug|Any CPU
		{17407D96-A89F-4A13-8231-9E455E8A3278}.AppStore|x86.Build.0 = Debug|Any CPU
		{17407D96-A89F-4A13-8231-9E455E8A3278}.Debug|Any CPU.ActiveCfg = Debug|Any CPU
		{17407D96-A89F-4A13-8231-9E455E8A3278}.Debug|Any CPU.Build.0 = Debug|Any CPU
		{17407D96-A89F-4A13-8231-9E455E8A3278}.Debug|ARM.ActiveCfg = Debug|Any CPU
		{17407D96-A89F-4A13-8231-9E455E8A3278}.Debug|ARM.Build.0 = Debug|Any CPU
		{17407D96-A89F-4A13-8231-9E455E8A3278}.Debug|iPhone.ActiveCfg = Debug|Any CPU
		{17407D96-A89F-4A13-8231-9E455E8A3278}.Debug|iPhone.Build.0 = Debug|Any CPU
		{17407D96-A89F-4A13-8231-9E455E8A3278}.Debug|iPhoneSimulator.ActiveCfg = Debug|Any CPU
		{17407D96-A89F-4A13-8231-9E455E8A3278}.Debug|iPhoneSimulator.Build.0 = Debug|Any CPU
		{17407D96-A89F-4A13-8231-9E455E8A3278}.Debug|x64.ActiveCfg = Debug|Any CPU
		{17407D96-A89F-4A13-8231-9E455E8A3278}.Debug|x64.Build.0 = Debug|Any CPU
		{17407D96-A89F-4A13-8231-9E455E8A3278}.Debug|x86.ActiveCfg = Debug|Any CPU
		{17407D96-A89F-4A13-8231-9E455E8A3278}.Debug|x86.Build.0 = Debug|Any CPU
		{17407D96-A89F-4A13-8231-9E455E8A3278}.Release|Any CPU.ActiveCfg = Release|Any CPU
		{17407D96-A89F-4A13-8231-9E455E8A3278}.Release|Any CPU.Build.0 = Release|Any CPU
		{17407D96-A89F-4A13-8231-9E455E8A3278}.Release|ARM.ActiveCfg = Release|Any CPU
		{17407D96-A89F-4A13-8231-9E455E8A3278}.Release|ARM.Build.0 = Release|Any CPU
		{17407D96-A89F-4A13-8231-9E455E8A3278}.Release|iPhone.ActiveCfg = Release|Any CPU
		{17407D96-A89F-4A13-8231-9E455E8A3278}.Release|iPhone.Build.0 = Release|Any CPU
		{17407D96-A89F-4A13-8231-9E455E8A3278}.Release|iPhoneSimulator.ActiveCfg = Release|Any CPU
		{17407D96-A89F-4A13-8231-9E455E8A3278}.Release|iPhoneSimulator.Build.0 = Release|Any CPU
		{17407D96-A89F-4A13-8231-9E455E8A3278}.Release|x64.ActiveCfg = Release|Any CPU
		{17407D96-A89F-4A13-8231-9E455E8A3278}.Release|x64.Build.0 = Release|Any CPU
		{17407D96-A89F-4A13-8231-9E455E8A3278}.Release|x86.ActiveCfg = Release|Any CPU
		{17407D96-A89F-4A13-8231-9E455E8A3278}.Release|x86.Build.0 = Release|Any CPU
	EndGlobalSection
	GlobalSection(SolutionProperties) = preSolution
		HideSolutionNode = FALSE
	EndGlobalSection
	GlobalSection(ExtensibilityGlobals) = postSolution
		SolutionGuid = {AACC0896-8500-4137-9BF5-AD7328C6BF6A}
	EndGlobalSection
EndGlobal
